
Microsoft Visual Studio Solution File, Format Version 12.00
# Visual Studio Version 17
VisualStudioVersion = 17.9.34701.34
MinimumVisualStudioVersion = 10.0.40219.1
Project("{9A19103F-16F7-4668-BE54-9A1E7A4F7556}") = "Shop.Domain", "Shop.Domain\Shop.Domain.csproj", "{14E4C03E-D8A3-47B3-BC34-42687234785F}"
EndProject
Project("{9A19103F-16F7-4668-BE54-9A1E7A4F7556}") = "Shop.Application", "Shop.Application\Shop.Application.csproj", "{3A8247F8-B895-4A56-8DFB-4DAA0D1309FE}"
EndProject
Project("{9A19103F-16F7-4668-BE54-9A1E7A4F7556}") = "Shop.Infrastructure", "Shop.Infrastructure\Shop.Infrastructure.csproj", "{BD18F2E1-924D-43FF-B488-3C575093F3DA}"
EndProject
Project("{9A19103F-16F7-4668-BE54-9A1E7A4F7556}") = "Shop.WebApi", "Shop.API\Shop.WebApi.csproj", "{3A3C926C-CD7F-4067-BD1B-73D9D92F76F8}"
EndProject
Global
	GlobalSection(SolutionConfigurationPlatforms) = preSolution
		Debug|Any CPU = Debug|Any CPU
		Release|Any CPU = Release|Any CPU
	EndGlobalSection
	GlobalSection(ProjectConfigurationPlatforms) = postSolution
		{14E4C03E-D8A3-47B3-BC34-42687234785F}.Debug|Any CPU.ActiveCfg = Debug|Any CPU
		{14E4C03E-D8A3-47B3-BC34-42687234785F}.Debug|Any CPU.Build.0 = Debug|Any CPU
		{14E4C03E-D8A3-47B3-BC34-42687234785F}.Release|Any CPU.ActiveCfg = Release|Any CPU
		{14E4C03E-D8A3-47B3-BC34-42687234785F}.Release|Any CPU.Build.0 = Release|Any CPU
		{3A8247F8-B895-4A56-8DFB-4DAA0D1309FE}.Debug|Any CPU.ActiveCfg = Debug|Any CPU
		{3A8247F8-B895-4A56-8DFB-4DAA0D1309FE}.Debug|Any CPU.Build.0 = Debug|Any CPU
		{3A8247F8-B895-4A56-8DFB-4DAA0D1309FE}.Release|Any CPU.ActiveCfg = Release|Any CPU
		{3A8247F8-B895-4A56-8DFB-4DAA0D1309FE}.Release|Any CPU.Build.0 = Release|Any CPU
		{BD18F2E1-924D-43FF-B488-3C575093F3DA}.Debug|Any CPU.ActiveCfg = Debug|Any CPU
		{BD18F2E1-924D-43FF-B488-3C575093F3DA}.Debug|Any CPU.Build.0 = Debug|Any CPU
		{BD18F2E1-924D-43FF-B488-3C575093F3DA}.Release|Any CPU.ActiveCfg = Release|Any CPU
		{BD18F2E1-924D-43FF-B488-3C575093F3DA}.Release|Any CPU.Build.0 = Release|Any CPU
		{3A3C926C-CD7F-4067-BD1B-73D9D92F76F8}.Debug|Any CPU.ActiveCfg = Debug|Any CPU
		{3A3C926C-CD7F-4067-BD1B-73D9D92F76F8}.Debug|Any CPU.Build.0 = Debug|Any CPU
		{3A3C926C-CD7F-4067-BD1B-73D9D92F76F8}.Release|Any CPU.ActiveCfg = Release|Any CPU
		{3A3C926C-CD7F-4067-BD1B-73D9D92F76F8}.Release|Any CPU.Build.0 = Release|Any CPU
	EndGlobalSection
	GlobalSection(SolutionProperties) = preSolution
		HideSolutionNode = FALSE
	EndGlobalSection
	GlobalSection(ExtensibilityGlobals) = postSolution
		SolutionGuid = {917ED66F-DB9C-4DF5-AA80-0AADE280059B}
	EndGlobalSection
EndGlobal
